<?xml version="1.0" encoding="UTF-8" standalone="yes" ?>
<CodeBlocks_project_file>
	<FileVersion major="1" minor="6" />
	<Project>
		<Option title="Othello_Game" />
		<Option pch_mode="2" />
		<Option compiler="gcc" />
		<Build>
			<Target title="Debug">
				<Option output="bin/Debug/Othello_Game" prefix_auto="1" extension_auto="1" />
				<Option object_output="obj/Debug/" />
				<Option type="1" />
				<Option compiler="gcc" />
				<Compiler>
					<Add option="-g" />
					<Add option="`pkg-config gtkmm-3.0 --cflags`" />
				</Compiler>
				<Linker>
					<Add option="`pkg-config gtkmm-3.0 --libs`" />
				</Linker>
			</Target>
			<Target title="Release">
				<Option output="bin/Release/Othello_Game" prefix_auto="1" extension_auto="1" />
				<Option object_output="obj/Release/" />
				<Option type="1" />
				<Option compiler="gcc" />
				<Compiler>
					<Add option="-O2" />
				</Compiler>
				<Linker>
					<Add option="-s" />
				</Linker>
			</Target>
		</Build>
		<Compiler>
			<Add option="-Wall" />
			<Add option="-fexceptions" />
		</Compiler>
		<Unit filename="Board.cpp" />
		<Unit filename="Board.hpp" />
		<Unit filename="Game.cpp" />
		<Unit filename="Game.hpp" />
		<Unit filename="Help.cpp" />
		<Unit filename="Help.hpp" />
		<Unit filename="Main_Window.cpp" />
		<Unit filename="Main_Window.hpp" />
		<Unit filename="Options.cpp" />
		<Unit filename="Options.hpp" />
		<Unit filename="Start.cpp" />
		<Unit filename="Start.hpp" />
		<Unit filename="headers.hpp" />
		<Unit filename="main.cpp" />
		<Extensions>
			<lib_finder disable_auto="1" />
		</Extensions>
	</Project>
</CodeBlocks_project_file>
